{
    "_readme": [
        "This file locks the dependencies of your project to a known state",
        "Read more about it at https://getcomposer.org/doc/01-basic-usage.md#composer-lock-the-lock-file",
        "This file is @generated automatically"
    ],
    "hash": "be1ff1b73669a838334e0c50a2852bfc",
    "content-hash": "3339fc939ee54cd59e15d7cde83ecf51",
    "packages": [
        {
            "name": "bunny/bunny",
            "version": "v0.2.3",
            "source": {
                "type": "git",
                "url": "https://github.com/jakubkulhan/bunny.git",
                "reference": "7f035cb4877a75c9b1346a300127947b4ca47402"
            },
            "dist": {
                "type": "zip",
                "url": "https://api.github.com/repos/jakubkulhan/bunny/zipball/7f035cb4877a75c9b1346a300127947b4ca47402",
                "reference": "7f035cb4877a75c9b1346a300127947b4ca47402",
                "shasum": ""
            },
            "require": {
                "php": ">=5.4.0",
                "psr/log": "~1.0",
                "react/event-loop": "~0.4",
                "react/promise": "~2.2"
            },
            "require-dev": {
                "phpunit/phpunit": "~4.5"
            },
            "type": "library",
            "autoload": {
                "psr-4": {
                    "Bunny\\": [
                        "src/Bunny/",
                        "test/Bunny/"
                    ]
                },
                "classmap": [
                    "src/Bunny/",
                    "test/Bunny/"
                ]
            },
            "notification-url": "https://packagist.org/downloads/",
            "license": [
                "MIT"
            ],
            "authors": [
                {
                    "name": "Jakub Kulhan",
                    "email": "jakub.kulhan@gmail.com"
                }
            ],
            "description": "Performant pure-PHP AMQP (RabbitMQ) sync/async (ReactPHP) library",
            "keywords": [
                "AMQP",
                "bunny",
                "exchange",
                "message",
                "messaging",
                "queue",
                "queueing",
                "rabbit",
                "rabbitmq",
                "react",
                "react-php",
                "reactphp"
            ],
            "time": "2016-05-31 14:37:53"
        },
        {
            "name": "psr/log",
            "version": "1.0.0",
            "source": {
                "type": "git",
                "url": "https://github.com/php-fig/log.git",
                "reference": "fe0936ee26643249e916849d48e3a51d5f5e278b"
            },
            "dist": {
                "type": "zip",
                "url": "https://api.github.com/repos/php-fig/log/zipball/fe0936ee26643249e916849d48e3a51d5f5e278b",
                "reference": "fe0936ee26643249e916849d48e3a51d5f5e278b",
                "shasum": ""
            },
            "type": "library",
            "autoload": {
                "psr-0": {
                    "Psr\\Log\\": ""
                }
            },
            "notification-url": "https://packagist.org/downloads/",
            "license": [
                "MIT"
            ],
            "authors": [
                {
                    "name": "PHP-FIG",
                    "homepage": "http://www.php-fig.org/"
                }
            ],
            "description": "Common interface for logging libraries",
            "keywords": [
                "log",
                "psr",
                "psr-3"
            ],
            "time": "2012-12-21 11:40:51"
        },
        {
            "name": "react/event-loop",
            "version": "v0.4.2",
            "source": {
                "type": "git",
                "url": "https://github.com/reactphp/event-loop.git",
                "reference": "164799f73175e1c80bba92a220ea35df6ca371dd"
            },
            "dist": {
                "type": "zip",
                "url": "https://api.github.com/repos/reactphp/event-loop/zipball/164799f73175e1c80bba92a220ea35df6ca371dd",
                "reference": "164799f73175e1c80bba92a220ea35df6ca371dd",
                "shasum": ""
            },
            "require": {
                "php": ">=5.4.0"
            },
            "suggest": {
                "ext-event": "~1.0",
                "ext-libev": "*",
                "ext-libevent": ">=0.1.0"
            },
            "type": "library",
            "extra": {
                "branch-alias": {
                    "dev-master": "0.5-dev"
                }
            },
            "autoload": {
                "psr-4": {
                    "React\\EventLoop\\": "src"
                }
            },
            "notification-url": "https://packagist.org/downloads/",
            "license": [
                "MIT"
            ],
            "description": "Event loop abstraction layer that libraries can use for evented I/O.",
            "keywords": [
                "asynchronous",
                "event-loop"
            ],
            "time": "2016-03-08 02:09:32"
        },
        {
            "name": "react/promise",
            "version": "v2.4.1",
            "source": {
                "type": "git",
                "url": "https://github.com/reactphp/promise.git",
                "reference": "8025426794f1944de806618671d4fa476dc7626f"
            },
            "dist": {
                "type": "zip",
                "url": "https://api.github.com/repos/reactphp/promise/zipball/8025426794f1944de806618671d4fa476dc7626f",
                "reference": "8025426794f1944de806618671d4fa476dc7626f",
                "shasum": ""
            },
            "require": {
                "php": ">=5.4.0"
            },
            "type": "library",
            "extra": {
                "branch-alias": {
                    "dev-master": "2.0-dev"
                }
            },
            "autoload": {
                "psr-4": {
                    "React\\Promise\\": "src/"
                },
                "files": [
                    "src/functions_include.php"
                ]
            },
            "notification-url": "https://packagist.org/downloads/",
            "license": [
                "MIT"
            ],
            "authors": [
                {
                    "name": "Jan Sorgalla",
                    "email": "jsorgalla@gmail.com"
                }
            ],
            "description": "A lightweight implementation of CommonJS Promises/A for PHP",
            "time": "2016-05-03 17:50:52"
        }
    ],
    "packages-dev": [],
    "aliases": [],
    "minimum-stability": "stable",
    "stability-flags": [],
    "prefer-stable": false,
    "prefer-lowest": false,
    "platform": [],
    "platform-dev": []
}
